// !$*UTF8*$!
{
	archiveVersion = 1;
	classes = {
	};
	objectVersion = 46;
	objects = {

/* Begin PBXBuildFile section */
		AA9807611BE76B4600CEE0DF /* AppDelegate.swift in Sources */ = {isa = PBXBuildFile; fileRef = AA9807601BE76B4600CEE0DF /* AppDelegate.swift */; };
		AA9807631BE76B4600CEE0DF /* ViewController.swift in Sources */ = {isa = PBXBuildFile; fileRef = AA9807621BE76B4600CEE0DF /* ViewController.swift */; };
		AA9807661BE76B4600CEE0DF /* Main.storyboard in Resources */ = {isa = PBXBuildFile; fileRef = AA9807641BE76B4600CEE0DF /* Main.storyboard */; };
		AA9807681BE76B4600CEE0DF /* Assets.xcassets in Resources */ = {isa = PBXBuildFile; fileRef = AA9807671BE76B4600CEE0DF /* Assets.xcassets */; };
		AA98076B1BE76B4600CEE0DF /* LaunchScreen.storyboard in Resources */ = {isa = PBXBuildFile; fileRef = AA9807691BE76B4600CEE0DF /* LaunchScreen.storyboard */; };
/* End PBXBuildFile section */

/* Begin PBXFileReference section */
		AA98075D1BE76B4600CEE0DF /* EndlessNavigation.app */ = {isa = PBXFileReference; explicitFileType = wrapper.application; includeInIndex = 0; path = EndlessNavigation.app; sourceTree = BUILT_PRODUCTS_DIR; };
		AA9807601BE76B4600CEE0DF /* AppDelegate.swift */ = {isa = PBXFileReference; lastKnownFileType = sourcecode.swift; path = AppDelegate.swift; sourceTree = "<group>"; };
		AA9807621BE76B4600CEE0DF /* ViewController.swift */ = {isa = PBXFileReference; lastKnownFileType = sourcecode.swift; path = ViewController.swift; sourceTree = "<group>"; };
		AA9807651BE76B4600CEE0DF /* Base */ = {isa = PBXFileReference; lastKnownFileType = file.storyboard; name = Base; path = Base.lproj/Main.storyboard; sourceTree = "<group>"; };
		AA9807671BE76B4600CEE0DF /* Assets.xcassets */ = {isa = PBXFileReference; lastKnownFileType = folder.assetcatalog; path = Assets.xcassets; sourceTree = "<group>"; };
		AA98076A1BE76B4600CEE0DF /* Base */ = {isa = PBXFileReference; lastKnownFileType = file.storyboard; name = Base; path = Base.lproj/LaunchScreen.storyboard; sourceTree = "<group>"; };
		AA98076C1BE76B4600CEE0DF /* Info.plist */ = {isa = PBXFileReference; lastKnownFileType = text.plist.xml; path = Info.plist; sourceTree = "<group>"; };
/* End PBXFileReference section */

/* Begin PBXFrameworksBuildPhase section */
		AA98075A1BE76B4600CEE0DF /* Frameworks */ = {
			isa = PBXFrameworksBuildPhase;
			buildActionMask = 2147483647;
			files = (
			);
			runOnlyForDeploymentPostprocessing = 0;
		};
/* End PBXFrameworksBuildPhase section */

/* Begin PBXGroup section */
		AA9807541BE76B4600CEE0DF = {
			isa = PBXGroup;
			children = (
				AA98075F1BE76B4600CEE0DF /* EndlessNavigation */,
				AA98075E1BE76B4600CEE0DF /* Products */,
			);
			sourceTree = "<group>";
		};
		AA98075E1BE76B4600CEE0DF /* Products */ = {
			isa = PBXGroup;
			children = (
				AA98075D1BE76B4600CEE0DF /* EndlessNavigation.app */,
			);
			name = Products;
			sourceTree = "<group>";
		};
		AA98075F1BE76B4600CEE0DF /* EndlessNavigation */ = {
			isa = PBXGroup;
			children = (
				AA9807601BE76B4600CEE0DF /* AppDelegate.swift */,
				AA9807621BE76B4600CEE0DF /* ViewController.swift */,
				AA9807641BE76B4600CEE0DF /* Main.storyboard */,
				AA9807671BE76B4600CEE0DF /* Assets.xcassets */,
				AA9807691BE76B4600CEE0DF /* LaunchScreen.storyboard */,
				AA98076C1BE76B4600CEE0DF /* Info.plist */,
			);
			path = EndlessNavigation;
			sourceTree = "<group>";
		};
/* End PBXGroup section */

/* Begin PBXNativeTarget section */
		AA98075C1BE76B4600CEE0DF /* EndlessNavigation */ = {
			isa = PBXNativeTarget;
			buildConfigurationList = AA98076F1BE76B4600CEE0DF /* Build configuration list for PBXNativeTarget "EndlessNavigation" */;
			buildPhases = (
				AA9807591BE76B4600CEE0DF /* Sources */,
				AA98075A1BE76B4600CEE0DF /* Frameworks */,
				AA98075B1BE76B4600CEE0DF /* Resources */,
			);
			buildRules = (
			);
			dependencies = (
			);
			name = EndlessNavigation;
			productName = EndlessNavigation;
			productReference = AA98075D1BE76B4600CEE0DF /* EndlessNavigation.app */;
			productType = "com.apple.product-type.application";
		};
/* End PBXNativeTarget section */

/* Begin PBXProject section */
		AA9807551BE76B4600CEE0DF /* Project object */ = {
			isa = PBXProject;
			attributes = {
				LastSwiftUpdateCheck = 0710;
				LastUpgradeCheck = 0710;
				ORGANIZATIONNAME = "Oh Sang Young";
				TargetAttributes = {
					AA98075C1BE76B4600CEE0DF = {
						CreatedOnToolsVersion = 7.1;
					};
				};
			};
			buildConfigurationList = AA9807581BE76B4600CEE0DF /* Build configuration list for PBXProject "EndlessNavigation" */;
			compatibilityVersion = "Xcode 3.2";
			developmentRegion = English;
			hasScannedForEncodings = 0;
			knownRegions = (
				en,
				Base,
			);
			mainGroup = AA9807541BE76B4600CEE0DF;
			productRefGroup = AA98075E1BE76B4600CEE0DF /* Products */;
			projectDirPath = "";
			projectRoot = "";
			targets = (
				AA98075C1BE76B4600CEE0DF /* EndlessNavigation */,
			);
		};
/* End PBXProject section */

/* Begin PBXResourcesBuildPhase section */
		AA98075B1BE76B4600CEE0DF /* Resources */ = {
			isa = PBXResourcesBuildPhase;
			buildActionMask = 2147483647;
			files = (
				AA98076B1BE76B4600CEE0DF /* LaunchScreen.storyboard in Resources */,
				AA9807681BE76B4600CEE0DF /* Assets.xcassets in Resources */,
				AA9807661BE76B4600CEE0DF /* Main.storyboard in Resources */,
			);
			runOnlyForDeploymentPostprocessing = 0;
		};
/* End PBXResourcesBuildPhase section */

/* Begin PBXSourcesBuildPhase section */
		AA9807591BE76B4600CEE0DF /* Sources */ = {
			isa = PBXSourcesBuildPhase;
			buildActionMask = 2147483647;
			files = (
				AA9807631BE76B4600CEE0DF /* ViewController.swift in Sources */,
				AA9807611BE76B4600CEE0DF /* AppDelegate.swift in Sources */,
			);
			runOnlyForDeploymentPostprocessing = 0;
		};
/* End PBXSourcesBuildPhase section */

/* Begin PBXVariantGroup section */
		AA9807641BE76B4600CEE0DF /* Main.storyboard */ = {
			isa = PBXVariantGroup;
			children = (
				AA9807651BE76B4600CEE0DF /* Base */,
			);
			name = Main.storyboard;
			sourceTree = "<group>";
		};
		AA9807691BE76B4600CEE0DF /* LaunchScreen.storyboard */ = {
			isa = PBXVariantGroup;
			children = (
				AA98076A1BE76B4600CEE0DF /* Base */,
			);
			name = LaunchScreen.storyboard;
			sourceTree = "<group>";
		};
/* End PBXVariantGroup section */

/* Begin XCBuildConfiguration section */
		AA98076D1BE76B4600CEE0DF /* Debug */ = {
			isa = XCBuildConfiguration;
			buildSettings = {
				ALWAYS_SEARCH_USER_PATHS = NO;
				CLANG_CXX_LANGUAGE_STANDARD = "gnu++0x";
				CLANG_CXX_LIBRARY = "libc++";
				CLANG_ENABLE_MODULES = YES;
				CLANG_ENABLE_OBJC_ARC = YES;
				CLANG_WARN_BOOL_CONVERSION = YES;
				CLANG_WARN_CONSTANT_CONVERSION = YES;
				CLANG_WARN_DIRECT_OBJC_ISA_USAGE = YES_ERROR;
				CLANG_WARN_EMPTY_BODY = YES;
				CLANG_WARN_ENUM_CONVERSION = YES;
				CLANG_WARN_INT_CONVERSION = YES;
				CLANG_WARN_OBJC_ROOT_CLASS = YES_ERROR;
				CLANG_WARN_UNREACHABLE_CODE = YES;
				CLANG_WARN__DUPLICATE_METHOD_MATCH = YES;
				"CODE_SIGN_IDENTITY[sdk=iphoneos*]" = "iPhone Developer";
				COPY_PHASE_STRIP = NO;
				DEBUG_INFORMATION_FORMAT = dwarf;
				ENABLE_STRICT_OBJC_MSGSEND = YES;
				ENABLE_TESTABILITY = YES;
				GCC_C_LANGUAGE_STANDARD = gnu99;
				GCC_DYNAMIC_NO_PIC = NO;
				GCC_NO_COMMON_BLOCKS = YES;
				GCC_OPTIMIZATION_LEVEL = 0;
				GCC_PREPROCESSOR_DEFINITIONS = (
					"DEBUG=1",
					"$(inherited)",
				);
				GCC_WARN_64_TO_32_BIT_CONVERSION = YES;
				GCC_WARN_ABOUT_RETURN_TYPE = YES_ERROR;
				GCC_WARN_UNDECLARED_SELECTOR = YES;
				GCC_WARN_UNINITIALIZED_AUTOS = YES_AGGRESSIVE;
				GCC_WARN_UNUSED_FUNCTION = YES;
				GCC_WARN_UNUSED_VARIABLE = YES;
				IPHONEOS_DEPLOYMENT_TARGET = 9.1;
				MTL_ENABLE_DEBUG_INFO = YES;
				ONLY_ACTIVE_ARCH = YES;
				SDKROOT = iphoneos;
				SWIFT_OPTIMIZATION_LEVEL = "-Onone";
				TARGETED_DEVICE_FAMILY = "1,2";
			};
			name = Debug;
		};
		AA98076E1BE76B4600CEE0DF /* Release */ = {
			isa = XCBuildConfiguration;
			buildSettings = {
				ALWAYS_SEARCH_USER_PATHS = NO;
				CLANG_CXX_LANGUAGE_STANDARD = "gnu++0x";
				CLANG_CXX_LIBRARY = "libc++";
				CLANG_ENABLE_MODULES = YES;
				CLANG_ENABLE_OBJC_ARC = YES;
				CLANG_WARN_BOOL_CONVERSION = YES;
				CLANG_WARN_CONSTANT_CONVERSION = YES;
				CLANG_WARN_DIRECT_OBJC_ISA_USAGE = YES_ERROR;
				CLANG_WARN_EMPTY_BODY = YES;
				CLANG_WARN_ENUM_CONVERSION = YES;
				CLANG_WARN_INT_CONVERSION = YES;
				CLANG_WARN_OBJC_ROOT_CLASS = YES_ERROR;
				CLANG_WARN_UNREACHABLE_CODE = YES;
				CLANG_WARN__DUPLICATE_METHOD_MATCH = YES;
				"CODE_SIGN_IDENTITY[sdk=iphoneos*]" = "iPhone Developer";
				COPY_PHASE_STRIP = NO;
				DEBUG_INFORMATION_FORMAT = "dwarf-with-dsym";
				ENABLE_NS_ASSERTIONS = NO;
				ENABLE_STRICT_OBJC_MSGSEND = YES;
				GCC_C_LANGUAGE_STANDARD = gnu99;
				GCC_NO_COMMON_BLOCKS = YES;
				GCC_WARN_64_TO_32_BIT_CONVERSION = YES;
				GCC_WARN_ABOUT_RETURN_TYPE = YES_ERROR;
				GCC_WARN_UNDECLARED_SELECTOR = YES;
				GCC_WARN_UNINITIALIZED_AUTOS = YES_AGGRESSIVE;
				GCC_WARN_UNUSED_FUNCTION = YES;
				GCC_WARN_UNUSED_VARIABLE = YES;
				IPHONEOS_DEPLOYMENT_TARGET = 9.1;
				MTL_ENABLE_DEBUG_INFO = NO;
				SDKROOT = iphoneos;
				TARGETED_DEVICE_FAMILY = "1,2";
				VALIDATE_PRODUCT = YES;
			};
			name = Release;
		};
		AA9807701BE76B4600CEE0DF /* Debug */ = {
			isa = XCBuildConfiguration;
			buildSettings = {
				ASSETCATALOG_COMPILER_APPICON_NAME = AppIcon;
				INFOPLIST_FILE = EndlessNavigation/Info.plist;
				LD_RUNPATH_SEARCH_PATHS = "$(inherited) @executable_path/Frameworks";
				PRODUCT_BUNDLE_IDENTIFIER = thatseeyou.EndlessNavigation;
				PRODUCT_NAME = "$(TARGET_NAME)";
			};
			name = Debug;
		};
		AA9807711BE76B4600CEE0DF /* Release */ = {
			isa = XCBuildConfiguration;
			buildSettings = {
				ASSETCATALOG_COMPILER_APPICON_NAME = AppIcon;
				INFOPLIST_FILE = EndlessNavigation/Info.plist;
				LD_RUNPATH_SEARCH_PATHS = "$(inherited) @executable_path/Frameworks";
				PRODUCT_BUNDLE_IDENTIFIER = thatseeyou.EndlessNavigation;
				PRODUCT_NAME = "$(TARGET_NAME)";
			};
			name = Release;
		};
/* End XCBuildConfiguration section */

/* Begin XCConfigurationList section */
		AA9807581BE76B4600CEE0DF /* Build configuration list for PBXProject "EndlessNavigation" */ = {
			isa = XCConfigurationList;
			buildConfigurations = (
				AA98076D1BE76B4600CEE0DF /* Debug */,
				AA98076E1BE76B4600CEE0DF /* Release */,
			);
			defaultConfigurationIsVisible = 0;
			defaultConfigurationName = Release;
		};
		AA98076F1BE76B4600CEE0DF /* Build configuration list for PBXNativeTarget "EndlessNavigation" */ = {
			isa = XCConfigurationList;
			buildConfigurations = (
				AA9807701BE76B4600CEE0DF /* Debug */,
				AA9807711BE76B4600CEE0DF /* Release */,
			);
			defaultConfigurationIsVisible = 0;
			defaultConfigurationName = Release;
		};
/* End XCConfigurationList section */
	};
	rootObject = AA9807551BE76B4600CEE0DF /* Project object */;
}
